es:
  models:
    html_block:
      display_name: Texto
      display_name_plural: Textos
    
  activerecord:
    models:
      category_type: Tipo de Categoría
    attributes:
      html_block:
        name: Nombre
      category_type:
        name: Nombre
      section:
        name: Nombre
        path: Ruta
